
Microsoft Visual Studio Solution File, Format Version 12.00
# Visual Studio Version 16
VisualStudioVersion = 16.0.31515.178
MinimumVisualStudioVersion = 10.0.40219.1
Project("{9A19103F-16F7-4668-BE54-9A1E7A4F7556}") = "WebApi", "WebApi\WebApi.csproj", "{4FB9B63F-7E5F-4980-A17A-21504F13E5B2}"
EndProject
Project("{2150E333-8FDC-42A3-9474-1A3956D46DE8}") = "Practices", "Practices", "{21B65C4E-AC15-491F-AFE4-4D34834AC002}"
EndProject
Project("{9A19103F-16F7-4668-BE54-9A1E7A4F7556}") = "LinqPractices", "LinqPractices\LinqPractices.csproj", "{C571522D-AC1E-4307-9E81-87AFFC218D3A}"
EndProject
Project("{9A19103F-16F7-4668-BE54-9A1E7A4F7556}") = "EntityViewModelDtoPractices", "EntityViewModelDtoPractices\EntityViewModelDtoPractices.csproj", "{BFF40F33-0C6D-4C2F-97F6-D53FE6BD81A4}"
EndProject
Project("{9A19103F-16F7-4668-BE54-9A1E7A4F7556}") = "SampleWebApi", "SampleWebApi\SampleWebApi.csproj", "{2B1DD3FB-7AAE-447A-9F51-488FE19E7A7B}"
EndProject
Project("{9A19103F-16F7-4668-BE54-9A1E7A4F7556}") = "MiddlewarePracticeWebApi", "MiddlewarePracticeWebApi\MiddlewarePracticeWebApi.csproj", "{91737690-8B4C-4D12-9266-579E4A0A38F7}"
EndProject
Project("{FAE04EC0-301F-11D3-BF4B-00C04F79EFBC}") = "WebApi.UnitTests", "WebApi.UnitTests\WebApi.UnitTests.csproj", "{6007B7BD-52A2-4F2E-8805-15D7B08CCF47}"
EndProject
Global
	GlobalSection(SolutionConfigurationPlatforms) = preSolution
		Debug|Any CPU = Debug|Any CPU
		Release|Any CPU = Release|Any CPU
	EndGlobalSection
	GlobalSection(ProjectConfigurationPlatforms) = postSolution
		{4FB9B63F-7E5F-4980-A17A-21504F13E5B2}.Debug|Any CPU.ActiveCfg = Debug|Any CPU
		{4FB9B63F-7E5F-4980-A17A-21504F13E5B2}.Debug|Any CPU.Build.0 = Debug|Any CPU
		{4FB9B63F-7E5F-4980-A17A-21504F13E5B2}.Release|Any CPU.ActiveCfg = Release|Any CPU
		{4FB9B63F-7E5F-4980-A17A-21504F13E5B2}.Release|Any CPU.Build.0 = Release|Any CPU
		{C571522D-AC1E-4307-9E81-87AFFC218D3A}.Debug|Any CPU.ActiveCfg = Debug|Any CPU
		{C571522D-AC1E-4307-9E81-87AFFC218D3A}.Debug|Any CPU.Build.0 = Debug|Any CPU
		{C571522D-AC1E-4307-9E81-87AFFC218D3A}.Release|Any CPU.ActiveCfg = Release|Any CPU
		{C571522D-AC1E-4307-9E81-87AFFC218D3A}.Release|Any CPU.Build.0 = Release|Any CPU
		{BFF40F33-0C6D-4C2F-97F6-D53FE6BD81A4}.Debug|Any CPU.ActiveCfg = Debug|Any CPU
		{BFF40F33-0C6D-4C2F-97F6-D53FE6BD81A4}.Debug|Any CPU.Build.0 = Debug|Any CPU
		{BFF40F33-0C6D-4C2F-97F6-D53FE6BD81A4}.Release|Any CPU.ActiveCfg = Release|Any CPU
		{BFF40F33-0C6D-4C2F-97F6-D53FE6BD81A4}.Release|Any CPU.Build.0 = Release|Any CPU
		{2B1DD3FB-7AAE-447A-9F51-488FE19E7A7B}.Debug|Any CPU.ActiveCfg = Debug|Any CPU
		{2B1DD3FB-7AAE-447A-9F51-488FE19E7A7B}.Debug|Any CPU.Build.0 = Debug|Any CPU
		{2B1DD3FB-7AAE-447A-9F51-488FE19E7A7B}.Release|Any CPU.ActiveCfg = Release|Any CPU
		{2B1DD3FB-7AAE-447A-9F51-488FE19E7A7B}.Release|Any CPU.Build.0 = Release|Any CPU
		{91737690-8B4C-4D12-9266-579E4A0A38F7}.Debug|Any CPU.ActiveCfg = Debug|Any CPU
		{91737690-8B4C-4D12-9266-579E4A0A38F7}.Debug|Any CPU.Build.0 = Debug|Any CPU
		{91737690-8B4C-4D12-9266-579E4A0A38F7}.Release|Any CPU.ActiveCfg = Release|Any CPU
		{91737690-8B4C-4D12-9266-579E4A0A38F7}.Release|Any CPU.Build.0 = Release|Any CPU
		{6007B7BD-52A2-4F2E-8805-15D7B08CCF47}.Debug|Any CPU.ActiveCfg = Debug|Any CPU
		{6007B7BD-52A2-4F2E-8805-15D7B08CCF47}.Debug|Any CPU.Build.0 = Debug|Any CPU
		{6007B7BD-52A2-4F2E-8805-15D7B08CCF47}.Release|Any CPU.ActiveCfg = Release|Any CPU
		{6007B7BD-52A2-4F2E-8805-15D7B08CCF47}.Release|Any CPU.Build.0 = Release|Any CPU
	EndGlobalSection
	GlobalSection(SolutionProperties) = preSolution
		HideSolutionNode = FALSE
	EndGlobalSection
	GlobalSection(NestedProjects) = preSolution
		{C571522D-AC1E-4307-9E81-87AFFC218D3A} = {21B65C4E-AC15-491F-AFE4-4D34834AC002}
		{BFF40F33-0C6D-4C2F-97F6-D53FE6BD81A4} = {21B65C4E-AC15-491F-AFE4-4D34834AC002}
		{2B1DD3FB-7AAE-447A-9F51-488FE19E7A7B} = {21B65C4E-AC15-491F-AFE4-4D34834AC002}
		{91737690-8B4C-4D12-9266-579E4A0A38F7} = {21B65C4E-AC15-491F-AFE4-4D34834AC002}
	EndGlobalSection
	GlobalSection(ExtensibilityGlobals) = postSolution
		SolutionGuid = {7971767E-B1FC-42A7-B793-555EB385A9DD}
	EndGlobalSection
EndGlobal
